
Microsoft Visual Studio Solution File, Format Version 12.00
# Visual Studio 2013
VisualStudioVersion = 12.0.31101.0
MinimumVisualStudioVersion = 10.0.40219.1
Project("{2150E333-8FDC-42A3-9474-1A3956D46DE8}") = "PresentationLayer", "PresentationLayer", "{6A26B08F-F287-458C-9AA2-1C462367A54F}"
EndProject
Project("{2150E333-8FDC-42A3-9474-1A3956D46DE8}") = "ServiceLayer", "ServiceLayer", "{BE53FC01-9C6E-4435-874C-1E5C7B992D3B}"
EndProject
Project("{2150E333-8FDC-42A3-9474-1A3956D46DE8}") = "BusinessLayer", "BusinessLayer", "{9020802C-2556-49E8-A416-238D255773E1}"
EndProject
Project("{2150E333-8FDC-42A3-9474-1A3956D46DE8}") = "ModelLayer", "ModelLayer", "{50ABE323-9ED2-488F-BE77-0591338E771A}"
EndProject
Project("{2150E333-8FDC-42A3-9474-1A3956D46DE8}") = "DataLayer", "DataLayer", "{F9EA660E-154F-4059-8754-4AA6EA5042B3}"
EndProject
Project("{FAE04EC0-301F-11D3-BF4B-00C04F79EFBC}") = "Mango.Shell", "Mango.Shell\Mango.Shell.csproj", "{EC9868D5-A41F-4036-A95A-3271DEB34668}"
EndProject
Project("{FAE04EC0-301F-11D3-BF4B-00C04F79EFBC}") = "Mango.Web", "Mango.Web\Mango.Web.csproj", "{10EC405D-B6A2-4914-BCCF-6FBC6E50FF22}"
	ProjectSection(ProjectDependencies) = postProject
		{2110ED30-7FDB-4EEA-88BF-753F81BCE385} = {2110ED30-7FDB-4EEA-88BF-753F81BCE385}
	EndProjectSection
EndProject
Project("{FAE04EC0-301F-11D3-BF4B-00C04F79EFBC}") = "Mango.Infrastructure", "Mango.Infrastructure\Mango.Infrastructure.csproj", "{6BBC7177-6B89-46D7-846E-CEE8C527AC71}"
	ProjectSection(ProjectDependencies) = postProject
		{2110ED30-7FDB-4EEA-88BF-753F81BCE385} = {2110ED30-7FDB-4EEA-88BF-753F81BCE385}
	EndProjectSection
EndProject
Project("{FAE04EC0-301F-11D3-BF4B-00C04F79EFBC}") = "Mango.Home", "Mango.Home\Mango.Home.csproj", "{2743598F-3EE4-499F-99E6-80A849357215}"
EndProject
Project("{FAE04EC0-301F-11D3-BF4B-00C04F79EFBC}") = "Mango.Service", "Mango.Service\Mango.Service.csproj", "{2110ED30-7FDB-4EEA-88BF-753F81BCE385}"
EndProject
Project("{FAE04EC0-301F-11D3-BF4B-00C04F79EFBC}") = "Mango.Staff", "Mango.Staff\Mango.Staff.csproj", "{BA7CB9B3-A4C2-4133-BF03-876B9E2BF098}"
EndProject
Project("{FAE04EC0-301F-11D3-BF4B-00C04F79EFBC}") = "Mango.Data", "Mango.Data\Mango.Data.csproj", "{D0AA80DB-41A3-4288-AA66-80DC7CB75F41}"
EndProject
Project("{FAE04EC0-301F-11D3-BF4B-00C04F79EFBC}") = "Mango.Model", "Mango.Model\Mango.Model.csproj", "{1C5ABDE9-4F4C-41A0-A0F9-3B2A2D8E457A}"
EndProject
Project("{FAE04EC0-301F-11D3-BF4B-00C04F79EFBC}") = "Mango.Business", "Mango.Business\Mango.Business.csproj", "{78023293-619F-4BCB-AA7D-AA5D260A83D0}"
EndProject
Project("{FAE04EC0-301F-11D3-BF4B-00C04F79EFBC}") = "Mango.Appraisal", "Mango.Appraisal\Mango.Appraisal.csproj", "{25D81CFF-6DAE-48FB-B70B-B28AC83A695D}"
EndProject
Project("{FAE04EC0-301F-11D3-BF4B-00C04F79EFBC}") = "Mango.DataAccess", "Mango.DataAccess\Mango.DataAccess.csproj", "{D6F037D1-0B43-4D67-BE17-EA69476DE5AA}"
EndProject
Project("{FAE04EC0-301F-11D3-BF4B-00C04F79EFBC}") = "Mango.Setup", "Mango.Setup\Mango.Setup.csproj", "{DC239F92-FC82-49FC-A011-ACD23AA7C6D4}"
EndProject
Global
	GlobalSection(SolutionConfigurationPlatforms) = preSolution
		Debug|Any CPU = Debug|Any CPU
		Release|Any CPU = Release|Any CPU
	EndGlobalSection
	GlobalSection(ProjectConfigurationPlatforms) = postSolution
		{EC9868D5-A41F-4036-A95A-3271DEB34668}.Debug|Any CPU.ActiveCfg = Debug|Any CPU
		{EC9868D5-A41F-4036-A95A-3271DEB34668}.Debug|Any CPU.Build.0 = Debug|Any CPU
		{EC9868D5-A41F-4036-A95A-3271DEB34668}.Release|Any CPU.ActiveCfg = Release|Any CPU
		{EC9868D5-A41F-4036-A95A-3271DEB34668}.Release|Any CPU.Build.0 = Release|Any CPU
		{10EC405D-B6A2-4914-BCCF-6FBC6E50FF22}.Debug|Any CPU.ActiveCfg = Debug|Any CPU
		{10EC405D-B6A2-4914-BCCF-6FBC6E50FF22}.Debug|Any CPU.Build.0 = Debug|Any CPU
		{10EC405D-B6A2-4914-BCCF-6FBC6E50FF22}.Release|Any CPU.ActiveCfg = Release|Any CPU
		{10EC405D-B6A2-4914-BCCF-6FBC6E50FF22}.Release|Any CPU.Build.0 = Release|Any CPU
		{6BBC7177-6B89-46D7-846E-CEE8C527AC71}.Debug|Any CPU.ActiveCfg = Debug|Any CPU
		{6BBC7177-6B89-46D7-846E-CEE8C527AC71}.Debug|Any CPU.Build.0 = Debug|Any CPU
		{6BBC7177-6B89-46D7-846E-CEE8C527AC71}.Release|Any CPU.ActiveCfg = Release|Any CPU
		{6BBC7177-6B89-46D7-846E-CEE8C527AC71}.Release|Any CPU.Build.0 = Release|Any CPU
		{2743598F-3EE4-499F-99E6-80A849357215}.Debug|Any CPU.ActiveCfg = Debug|Any CPU
		{2743598F-3EE4-499F-99E6-80A849357215}.Debug|Any CPU.Build.0 = Debug|Any CPU
		{2743598F-3EE4-499F-99E6-80A849357215}.Release|Any CPU.ActiveCfg = Release|Any CPU
		{2743598F-3EE4-499F-99E6-80A849357215}.Release|Any CPU.Build.0 = Release|Any CPU
		{2110ED30-7FDB-4EEA-88BF-753F81BCE385}.Debug|Any CPU.ActiveCfg = Debug|Any CPU
		{2110ED30-7FDB-4EEA-88BF-753F81BCE385}.Debug|Any CPU.Build.0 = Debug|Any CPU
		{2110ED30-7FDB-4EEA-88BF-753F81BCE385}.Release|Any CPU.ActiveCfg = Release|Any CPU
		{2110ED30-7FDB-4EEA-88BF-753F81BCE385}.Release|Any CPU.Build.0 = Release|Any CPU
		{BA7CB9B3-A4C2-4133-BF03-876B9E2BF098}.Debug|Any CPU.ActiveCfg = Debug|Any CPU
		{BA7CB9B3-A4C2-4133-BF03-876B9E2BF098}.Debug|Any CPU.Build.0 = Debug|Any CPU
		{BA7CB9B3-A4C2-4133-BF03-876B9E2BF098}.Release|Any CPU.ActiveCfg = Release|Any CPU
		{BA7CB9B3-A4C2-4133-BF03-876B9E2BF098}.Release|Any CPU.Build.0 = Release|Any CPU
		{D0AA80DB-41A3-4288-AA66-80DC7CB75F41}.Debug|Any CPU.ActiveCfg = Debug|Any CPU
		{D0AA80DB-41A3-4288-AA66-80DC7CB75F41}.Debug|Any CPU.Build.0 = Debug|Any CPU
		{D0AA80DB-41A3-4288-AA66-80DC7CB75F41}.Release|Any CPU.ActiveCfg = Release|Any CPU
		{D0AA80DB-41A3-4288-AA66-80DC7CB75F41}.Release|Any CPU.Build.0 = Release|Any CPU
		{1C5ABDE9-4F4C-41A0-A0F9-3B2A2D8E457A}.Debug|Any CPU.ActiveCfg = Debug|Any CPU
		{1C5ABDE9-4F4C-41A0-A0F9-3B2A2D8E457A}.Debug|Any CPU.Build.0 = Debug|Any CPU
		{1C5ABDE9-4F4C-41A0-A0F9-3B2A2D8E457A}.Release|Any CPU.ActiveCfg = Release|Any CPU
		{1C5ABDE9-4F4C-41A0-A0F9-3B2A2D8E457A}.Release|Any CPU.Build.0 = Release|Any CPU
		{78023293-619F-4BCB-AA7D-AA5D260A83D0}.Debug|Any CPU.ActiveCfg = Debug|Any CPU
		{78023293-619F-4BCB-AA7D-AA5D260A83D0}.Debug|Any CPU.Build.0 = Debug|Any CPU
		{78023293-619F-4BCB-AA7D-AA5D260A83D0}.Release|Any CPU.ActiveCfg = Release|Any CPU
		{78023293-619F-4BCB-AA7D-AA5D260A83D0}.Release|Any CPU.Build.0 = Release|Any CPU
		{25D81CFF-6DAE-48FB-B70B-B28AC83A695D}.Debug|Any CPU.ActiveCfg = Debug|Any CPU
		{25D81CFF-6DAE-48FB-B70B-B28AC83A695D}.Debug|Any CPU.Build.0 = Debug|Any CPU
		{25D81CFF-6DAE-48FB-B70B-B28AC83A695D}.Release|Any CPU.ActiveCfg = Release|Any CPU
		{25D81CFF-6DAE-48FB-B70B-B28AC83A695D}.Release|Any CPU.Build.0 = Release|Any CPU
		{D6F037D1-0B43-4D67-BE17-EA69476DE5AA}.Debug|Any CPU.ActiveCfg = Debug|Any CPU
		{D6F037D1-0B43-4D67-BE17-EA69476DE5AA}.Debug|Any CPU.Build.0 = Debug|Any CPU
		{D6F037D1-0B43-4D67-BE17-EA69476DE5AA}.Release|Any CPU.ActiveCfg = Release|Any CPU
		{D6F037D1-0B43-4D67-BE17-EA69476DE5AA}.Release|Any CPU.Build.0 = Release|Any CPU
		{DC239F92-FC82-49FC-A011-ACD23AA7C6D4}.Debug|Any CPU.ActiveCfg = Debug|Any CPU
		{DC239F92-FC82-49FC-A011-ACD23AA7C6D4}.Debug|Any CPU.Build.0 = Debug|Any CPU
		{DC239F92-FC82-49FC-A011-ACD23AA7C6D4}.Release|Any CPU.ActiveCfg = Release|Any CPU
		{DC239F92-FC82-49FC-A011-ACD23AA7C6D4}.Release|Any CPU.Build.0 = Release|Any CPU
	EndGlobalSection
	GlobalSection(SolutionProperties) = preSolution
		HideSolutionNode = FALSE
	EndGlobalSection
	GlobalSection(NestedProjects) = preSolution
		{EC9868D5-A41F-4036-A95A-3271DEB34668} = {6A26B08F-F287-458C-9AA2-1C462367A54F}
		{10EC405D-B6A2-4914-BCCF-6FBC6E50FF22} = {6A26B08F-F287-458C-9AA2-1C462367A54F}
		{6BBC7177-6B89-46D7-846E-CEE8C527AC71} = {6A26B08F-F287-458C-9AA2-1C462367A54F}
		{2743598F-3EE4-499F-99E6-80A849357215} = {6A26B08F-F287-458C-9AA2-1C462367A54F}
		{2110ED30-7FDB-4EEA-88BF-753F81BCE385} = {BE53FC01-9C6E-4435-874C-1E5C7B992D3B}
		{BA7CB9B3-A4C2-4133-BF03-876B9E2BF098} = {6A26B08F-F287-458C-9AA2-1C462367A54F}
		{D0AA80DB-41A3-4288-AA66-80DC7CB75F41} = {F9EA660E-154F-4059-8754-4AA6EA5042B3}
		{1C5ABDE9-4F4C-41A0-A0F9-3B2A2D8E457A} = {50ABE323-9ED2-488F-BE77-0591338E771A}
		{78023293-619F-4BCB-AA7D-AA5D260A83D0} = {9020802C-2556-49E8-A416-238D255773E1}
		{25D81CFF-6DAE-48FB-B70B-B28AC83A695D} = {6A26B08F-F287-458C-9AA2-1C462367A54F}
		{D6F037D1-0B43-4D67-BE17-EA69476DE5AA} = {F9EA660E-154F-4059-8754-4AA6EA5042B3}
		{DC239F92-FC82-49FC-A011-ACD23AA7C6D4} = {6A26B08F-F287-458C-9AA2-1C462367A54F}
	EndGlobalSection
EndGlobal
